
Microsoft Visual Studio Solution File, Format Version 12.00
# Visual Studio Version 16
VisualStudioVersion = 16.0.30517.126
MinimumVisualStudioVersion = 10.0.40219.1
Project("{888888A0-9F3D-457C-B088-3A5042F75D52}") = "Azar 1 - 10", "Azar 1 - 10\Azar 1 - 10.pyproj", "{8FCDA98F-A41A-4F3A-81BF-6F6E7C81A010}"
EndProject
Global
	GlobalSection(SolutionConfigurationPlatforms) = preSolution
		Debug|Any CPU = Debug|Any CPU
		Release|Any CPU = Release|Any CPU
	EndGlobalSection
	GlobalSection(ProjectConfigurationPlatforms) = postSolution
		{8FCDA98F-A41A-4F3A-81BF-6F6E7C81A010}.Debug|Any CPU.ActiveCfg = Debug|Any CPU
		{8FCDA98F-A41A-4F3A-81BF-6F6E7C81A010}.Release|Any CPU.ActiveCfg = Release|Any CPU
	EndGlobalSection
	GlobalSection(SolutionProperties) = preSolution
		HideSolutionNode = FALSE
	EndGlobalSection
	GlobalSection(ExtensibilityGlobals) = postSolution
		SolutionGuid = {3C0EFA9F-2046-4CCF-ADD3-7979B0FBC678}
	EndGlobalSection
EndGlobal
