
Microsoft Visual Studio Solution File, Format Version 12.00
# Visual Studio Version 16
VisualStudioVersion = 16.0.30517.126
MinimumVisualStudioVersion = 10.0.40219.1
Project("{888888A0-9F3D-457C-B088-3A5042F75D52}") = "Juegos Craps Ciclo While", "Juegos Craps Ciclo While\Juegos Craps Ciclo While.pyproj", "{4FD21808-3A88-47CD-AABB-FB3141435622}"
EndProject
Global
	GlobalSection(SolutionConfigurationPlatforms) = preSolution
		Debug|Any CPU = Debug|Any CPU
		Release|Any CPU = Release|Any CPU
	EndGlobalSection
	GlobalSection(ProjectConfigurationPlatforms) = postSolution
		{4FD21808-3A88-47CD-AABB-FB3141435622}.Debug|Any CPU.ActiveCfg = Debug|Any CPU
		{4FD21808-3A88-47CD-AABB-FB3141435622}.Release|Any CPU.ActiveCfg = Release|Any CPU
	EndGlobalSection
	GlobalSection(SolutionProperties) = preSolution
		HideSolutionNode = FALSE
	EndGlobalSection
	GlobalSection(ExtensibilityGlobals) = postSolution
		SolutionGuid = {35A2653E-5788-496B-BE9F-6C5AABAEEFC4}
	EndGlobalSection
EndGlobal
