
Microsoft Visual Studio Solution File, Format Version 12.00
# Visual Studio Version 16
VisualStudioVersion = 16.0.30621.155
MinimumVisualStudioVersion = 10.0.40219.1
Project("{888888A0-9F3D-457C-B088-3A5042F75D52}") = "Desviacion Estandar", "Desviacion Estandar\Desviacion Estandar.pyproj", "{427927C1-C737-4BE9-A596-46997B9F0EBC}"
EndProject
Global
	GlobalSection(SolutionConfigurationPlatforms) = preSolution
		Debug|Any CPU = Debug|Any CPU
		Release|Any CPU = Release|Any CPU
	EndGlobalSection
	GlobalSection(ProjectConfigurationPlatforms) = postSolution
		{427927C1-C737-4BE9-A596-46997B9F0EBC}.Debug|Any CPU.ActiveCfg = Debug|Any CPU
		{427927C1-C737-4BE9-A596-46997B9F0EBC}.Release|Any CPU.ActiveCfg = Release|Any CPU
	EndGlobalSection
	GlobalSection(SolutionProperties) = preSolution
		HideSolutionNode = FALSE
	EndGlobalSection
	GlobalSection(ExtensibilityGlobals) = postSolution
		SolutionGuid = {6413C3AB-9DAF-481E-931A-D37D9D0AB405}
	EndGlobalSection
EndGlobal
