
Microsoft Visual Studio Solution File, Format Version 12.00
# Visual Studio Version 16
VisualStudioVersion = 16.0.30621.155
MinimumVisualStudioVersion = 10.0.40219.1
Project("{888888A0-9F3D-457C-B088-3A5042F75D52}") = "Pregunta 1 Examen", "Pregunta 1 Examen\Pregunta 1 Examen.pyproj", "{DB2A48F4-4979-4ECE-834F-CF643288CC74}"
EndProject
Global
	GlobalSection(SolutionConfigurationPlatforms) = preSolution
		Debug|Any CPU = Debug|Any CPU
		Release|Any CPU = Release|Any CPU
	EndGlobalSection
	GlobalSection(ProjectConfigurationPlatforms) = postSolution
		{DB2A48F4-4979-4ECE-834F-CF643288CC74}.Debug|Any CPU.ActiveCfg = Debug|Any CPU
		{DB2A48F4-4979-4ECE-834F-CF643288CC74}.Release|Any CPU.ActiveCfg = Release|Any CPU
	EndGlobalSection
	GlobalSection(SolutionProperties) = preSolution
		HideSolutionNode = FALSE
	EndGlobalSection
	GlobalSection(ExtensibilityGlobals) = postSolution
		SolutionGuid = {6036B99B-F9CC-4BE2-8DEB-7883E700A1BD}
	EndGlobalSection
EndGlobal
