
Microsoft Visual Studio Solution File, Format Version 12.00
# Visual Studio Version 16
VisualStudioVersion = 16.0.30621.155
MinimumVisualStudioVersion = 10.0.40219.1
Project("{888888A0-9F3D-457C-B088-3A5042F75D52}") = "Precio Petroleo Aleatorio", "Precio Petroleo Aleatorio\Precio Petroleo Aleatorio.pyproj", "{F992BB6A-D614-45E0-B74C-D092BDE71762}"
EndProject
Global
	GlobalSection(SolutionConfigurationPlatforms) = preSolution
		Debug|Any CPU = Debug|Any CPU
		Release|Any CPU = Release|Any CPU
	EndGlobalSection
	GlobalSection(ProjectConfigurationPlatforms) = postSolution
		{F992BB6A-D614-45E0-B74C-D092BDE71762}.Debug|Any CPU.ActiveCfg = Debug|Any CPU
		{F992BB6A-D614-45E0-B74C-D092BDE71762}.Release|Any CPU.ActiveCfg = Release|Any CPU
	EndGlobalSection
	GlobalSection(SolutionProperties) = preSolution
		HideSolutionNode = FALSE
	EndGlobalSection
	GlobalSection(ExtensibilityGlobals) = postSolution
		SolutionGuid = {36AFCBB8-776D-4052-B1E4-698DEF1F73C9}
	EndGlobalSection
EndGlobal
