
Microsoft Visual Studio Solution File, Format Version 12.00
# Visual Studio Version 16
VisualStudioVersion = 16.0.30621.155
MinimumVisualStudioVersion = 10.0.40219.1
Project("{888888A0-9F3D-457C-B088-3A5042F75D52}") = "Area del Circulo", "Area del Circulo\Area del Circulo.pyproj", "{F5563DFD-FD70-43A8-B6DF-C8192A6D2C9C}"
EndProject
Global
	GlobalSection(SolutionConfigurationPlatforms) = preSolution
		Debug|Any CPU = Debug|Any CPU
		Release|Any CPU = Release|Any CPU
	EndGlobalSection
	GlobalSection(ProjectConfigurationPlatforms) = postSolution
		{F5563DFD-FD70-43A8-B6DF-C8192A6D2C9C}.Debug|Any CPU.ActiveCfg = Debug|Any CPU
		{F5563DFD-FD70-43A8-B6DF-C8192A6D2C9C}.Release|Any CPU.ActiveCfg = Release|Any CPU
	EndGlobalSection
	GlobalSection(SolutionProperties) = preSolution
		HideSolutionNode = FALSE
	EndGlobalSection
	GlobalSection(ExtensibilityGlobals) = postSolution
		SolutionGuid = {873781F5-CC47-4EED-A6E0-E56626F15785}
	EndGlobalSection
EndGlobal
