
Microsoft Visual Studio Solution File, Format Version 12.00
# Visual Studio Version 16
VisualStudioVersion = 16.0.30621.155
MinimumVisualStudioVersion = 10.0.40219.1
Project("{888888A0-9F3D-457C-B088-3A5042F75D52}") = "Optica Buenavista", "Optica Buenavista\Optica Buenavista.pyproj", "{2F656147-DA88-479A-AC4B-8A49A75116A7}"
EndProject
Global
	GlobalSection(SolutionConfigurationPlatforms) = preSolution
		Debug|Any CPU = Debug|Any CPU
		Release|Any CPU = Release|Any CPU
	EndGlobalSection
	GlobalSection(ProjectConfigurationPlatforms) = postSolution
		{2F656147-DA88-479A-AC4B-8A49A75116A7}.Debug|Any CPU.ActiveCfg = Debug|Any CPU
		{2F656147-DA88-479A-AC4B-8A49A75116A7}.Release|Any CPU.ActiveCfg = Release|Any CPU
	EndGlobalSection
	GlobalSection(SolutionProperties) = preSolution
		HideSolutionNode = FALSE
	EndGlobalSection
	GlobalSection(ExtensibilityGlobals) = postSolution
		SolutionGuid = {03AB6B18-DA55-42BE-A165-B7ADD345DEF0}
	EndGlobalSection
EndGlobal
